
Microsoft Visual Studio Solution File, Format Version 12.00
# Visual Studio Version 16
VisualStudioVersion = 16.0.29306.81
MinimumVisualStudioVersion = 10.0.40219.1
Project("{FAE04EC0-301F-11D3-BF4B-00C04F79EFBC}") = "kostroEugenZadatak1622021", "kostroEugenZadatak1622021\kostroEugenZadatak1622021.csproj", "{6EFA7E40-972A-4293-A2AC-6FD3555E9C9F}"
EndProject
Global
	GlobalSection(SolutionConfigurationPlatforms) = preSolution
		Debug|Any CPU = Debug|Any CPU
		Release|Any CPU = Release|Any CPU
	EndGlobalSection
	GlobalSection(ProjectConfigurationPlatforms) = postSolution
		{6EFA7E40-972A-4293-A2AC-6FD3555E9C9F}.Debug|Any CPU.ActiveCfg = Debug|Any CPU
		{6EFA7E40-972A-4293-A2AC-6FD3555E9C9F}.Debug|Any CPU.Build.0 = Debug|Any CPU
		{6EFA7E40-972A-4293-A2AC-6FD3555E9C9F}.Release|Any CPU.ActiveCfg = Release|Any CPU
		{6EFA7E40-972A-4293-A2AC-6FD3555E9C9F}.Release|Any CPU.Build.0 = Release|Any CPU
	EndGlobalSection
	GlobalSection(SolutionProperties) = preSolution
		HideSolutionNode = FALSE
	EndGlobalSection
	GlobalSection(ExtensibilityGlobals) = postSolution
		SolutionGuid = {6BB5D244-7E1C-46AB-A6DA-13C933DEFEF7}
	EndGlobalSection
EndGlobal
